
Microsoft Visual Studio Solution File, Format Version 12.00
# Visual Studio Version 16
VisualStudioVersion = 16.0.28729.10
MinimumVisualStudioVersion = 10.0.40219.1
Project("{FAE04EC0-301F-11D3-BF4B-00C04F79EFBC}") = "ClassLibrary1", "ClassLibrary1\ClassLibrary1.csproj", "{DD709977-A9DC-4273-AF76-5C04B4E48BAF}"
EndProject
Global
	GlobalSection(SolutionConfigurationPlatforms) = preSolution
		Debug|Any CPU = Debug|Any CPU
		Release|Any CPU = Release|Any CPU
	EndGlobalSection
	GlobalSection(ProjectConfigurationPlatforms) = postSolution
		{DD709977-A9DC-4273-AF76-5C04B4E48BAF}.Debug|Any CPU.ActiveCfg = Debug|Any CPU
		{DD709977-A9DC-4273-AF76-5C04B4E48BAF}.Debug|Any CPU.Build.0 = Debug|Any CPU
		{DD709977-A9DC-4273-AF76-5C04B4E48BAF}.Release|Any CPU.ActiveCfg = Release|Any CPU
		{DD709977-A9DC-4273-AF76-5C04B4E48BAF}.Release|Any CPU.Build.0 = Release|Any CPU
	EndGlobalSection
	GlobalSection(SolutionProperties) = preSolution
		HideSolutionNode = FALSE
	EndGlobalSection
	GlobalSection(ExtensibilityGlobals) = postSolution
		SolutionGuid = {651C3C23-7718-435E-9806-04B485B7E8CA}
	EndGlobalSection
EndGlobal
